
Microsoft Visual Studio Solution File, Format Version 12.00
# Visual Studio Version 16
VisualStudioVersion = 16.0.30413.136
MinimumVisualStudioVersion = 10.0.40219.1
Project("{FAE04EC0-301F-11D3-BF4B-00C04F79EFBC}") = "Week3LogicalOperatorOR", "Week3LogicalOperatorOR\Week3LogicalOperatorOR.csproj", "{3AEC24FD-3FED-42D2-A311-C6CBE1C60692}"
EndProject
Global
	GlobalSection(SolutionConfigurationPlatforms) = preSolution
		Debug|Any CPU = Debug|Any CPU
		Release|Any CPU = Release|Any CPU
	EndGlobalSection
	GlobalSection(ProjectConfigurationPlatforms) = postSolution
		{3AEC24FD-3FED-42D2-A311-C6CBE1C60692}.Debug|Any CPU.ActiveCfg = Debug|Any CPU
		{3AEC24FD-3FED-42D2-A311-C6CBE1C60692}.Debug|Any CPU.Build.0 = Debug|Any CPU
		{3AEC24FD-3FED-42D2-A311-C6CBE1C60692}.Release|Any CPU.ActiveCfg = Release|Any CPU
		{3AEC24FD-3FED-42D2-A311-C6CBE1C60692}.Release|Any CPU.Build.0 = Release|Any CPU
	EndGlobalSection
	GlobalSection(SolutionProperties) = preSolution
		HideSolutionNode = FALSE
	EndGlobalSection
	GlobalSection(ExtensibilityGlobals) = postSolution
		SolutionGuid = {B5C4EF67-E044-4CDF-89C0-448DCA970039}
	EndGlobalSection
EndGlobal
